
Microsoft Visual Studio Solution File, Format Version 12.00
# Visual Studio Version 16
VisualStudioVersion = 16.0.29123.88
MinimumVisualStudioVersion = 10.0.40219.1
Project("{FAE04EC0-301F-11D3-BF4B-00C04F79EFBC}") = "ClassicMVVM", "ClassicMVVM\ClassicMVVM.csproj", "{986C263C-D0B1-443F-BE64-9F64BC05D9D9}"
EndProject
Project("{FAE04EC0-301F-11D3-BF4B-00C04F79EFBC}") = "ReactiveUI_MVVM", "ReactiveUI_MVVM\ReactiveUI_MVVM.csproj", "{8008F340-8F18-45BC-A99C-EA39861A5948}"
EndProject
Project("{FAE04EC0-301F-11D3-BF4B-00C04F79EFBC}") = "ReactiveUI_Fody_MVVM", "ReactiveUI_Fody_MVVM\ReactiveUI_Fody_MVVM.csproj", "{F88B5AF7-4EE0-40F5-B5B4-B2C9AF7664EC}"
EndProject
Global
	GlobalSection(SolutionConfigurationPlatforms) = preSolution
		Debug|Any CPU = Debug|Any CPU
		Release|Any CPU = Release|Any CPU
	EndGlobalSection
	GlobalSection(ProjectConfigurationPlatforms) = postSolution
		{986C263C-D0B1-443F-BE64-9F64BC05D9D9}.Debug|Any CPU.ActiveCfg = Debug|Any CPU
		{986C263C-D0B1-443F-BE64-9F64BC05D9D9}.Debug|Any CPU.Build.0 = Debug|Any CPU
		{986C263C-D0B1-443F-BE64-9F64BC05D9D9}.Release|Any CPU.ActiveCfg = Release|Any CPU
		{986C263C-D0B1-443F-BE64-9F64BC05D9D9}.Release|Any CPU.Build.0 = Release|Any CPU
		{8008F340-8F18-45BC-A99C-EA39861A5948}.Debug|Any CPU.ActiveCfg = Debug|Any CPU
		{8008F340-8F18-45BC-A99C-EA39861A5948}.Debug|Any CPU.Build.0 = Debug|Any CPU
		{8008F340-8F18-45BC-A99C-EA39861A5948}.Release|Any CPU.ActiveCfg = Release|Any CPU
		{8008F340-8F18-45BC-A99C-EA39861A5948}.Release|Any CPU.Build.0 = Release|Any CPU
		{F88B5AF7-4EE0-40F5-B5B4-B2C9AF7664EC}.Debug|Any CPU.ActiveCfg = Debug|Any CPU
		{F88B5AF7-4EE0-40F5-B5B4-B2C9AF7664EC}.Debug|Any CPU.Build.0 = Debug|Any CPU
		{F88B5AF7-4EE0-40F5-B5B4-B2C9AF7664EC}.Release|Any CPU.ActiveCfg = Release|Any CPU
		{F88B5AF7-4EE0-40F5-B5B4-B2C9AF7664EC}.Release|Any CPU.Build.0 = Release|Any CPU
	EndGlobalSection
	GlobalSection(SolutionProperties) = preSolution
		HideSolutionNode = FALSE
	EndGlobalSection
	GlobalSection(ExtensibilityGlobals) = postSolution
		SolutionGuid = {094B0EF0-0AF1-419F-8B65-378D62BBAEA7}
	EndGlobalSection
EndGlobal
